// !$*UTF8*$!
{
	archiveVersion = 1;
	classes = {
	};
	objectVersion = 56;
	objects = {

/* Begin PBXBuildFile section */
		D40A35152AE8AD2400A08DF3 /* AppDelegate.swift in Sources */ = {isa = PBXBuildFile; fileRef = D40A35142AE8AD2400A08DF3 /* AppDelegate.swift */; };
		D40A35172AE8AD2400A08DF3 /* SceneDelegate.swift in Sources */ = {isa = PBXBuildFile; fileRef = D40A35162AE8AD2400A08DF3 /* SceneDelegate.swift */; };
		D40A351E2AE8AD2600A08DF3 /* Assets.xcassets in Resources */ = {isa = PBXBuildFile; fileRef = D40A351D2AE8AD2600A08DF3 /* Assets.xcassets */; };
		D40A35212AE8AD2600A08DF3 /* LaunchScreen.storyboard in Resources */ = {isa = PBXBuildFile; fileRef = D40A351F2AE8AD2600A08DF3 /* LaunchScreen.storyboard */; };
		D477C02C2B93B9220005D59D /* SignUpViewModel.swift in Sources */ = {isa = PBXBuildFile; fileRef = D477C02B2B93B9220005D59D /* SignUpViewModel.swift */; };
		D477C02E2B93B97A0005D59D /* SignUpState.swift in Sources */ = {isa = PBXBuildFile; fileRef = D477C02D2B93B9790005D59D /* SignUpState.swift */; };
		D4913F072BA1305D006EB7F8 /* HomeCoordinator.swift in Sources */ = {isa = PBXBuildFile; fileRef = D4913F062BA1305D006EB7F8 /* HomeCoordinator.swift */; };
		D4913F0C2BA13105006EB7F8 /* HomeViewController.swift in Sources */ = {isa = PBXBuildFile; fileRef = D4913F0B2BA13105006EB7F8 /* HomeViewController.swift */; };
		D4913F0E2BA1315B006EB7F8 /* HomeViewModel.swift in Sources */ = {isa = PBXBuildFile; fileRef = D4913F0D2BA1315B006EB7F8 /* HomeViewModel.swift */; };
		D4957D3B2B9146BE0004BA76 /* SignInViewModel.swift in Sources */ = {isa = PBXBuildFile; fileRef = D4957D3A2B9146BE0004BA76 /* SignInViewModel.swift */; };
		D4957D3D2B9163F20004BA76 /* SignInState.swift in Sources */ = {isa = PBXBuildFile; fileRef = D4957D3C2B9163F20004BA76 /* SignInState.swift */; };
		D4957D412B916C600004BA76 /* SignUpViewController.swift in Sources */ = {isa = PBXBuildFile; fileRef = D4957D402B916C600004BA76 /* SignUpViewController.swift */; };
		D4957D432B916FB60004BA76 /* SignInCoordinator.swift in Sources */ = {isa = PBXBuildFile; fileRef = D4957D422B916FB60004BA76 /* SignInCoordinator.swift */; };
		D4957D452B91738B0004BA76 /* SignUpCoordinator.swift in Sources */ = {isa = PBXBuildFile; fileRef = D4957D442B91738B0004BA76 /* SignUpCoordinator.swift */; };
		D4DC74362B84188E00ACE720 /* SignInViewController.swift in Sources */ = {isa = PBXBuildFile; fileRef = D4DC74352B84188E00ACE720 /* SignInViewController.swift */; };
/* End PBXBuildFile section */

/* Begin PBXFileReference section */
		D40A35112AE8AD2400A08DF3 /* KingBurguer.app */ = {isa = PBXFileReference; explicitFileType = wrapper.application; includeInIndex = 0; path = KingBurguer.app; sourceTree = BUILT_PRODUCTS_DIR; };
		D40A35142AE8AD2400A08DF3 /* AppDelegate.swift */ = {isa = PBXFileReference; lastKnownFileType = sourcecode.swift; path = AppDelegate.swift; sourceTree = "<group>"; };
		D40A35162AE8AD2400A08DF3 /* SceneDelegate.swift */ = {isa = PBXFileReference; lastKnownFileType = sourcecode.swift; path = SceneDelegate.swift; sourceTree = "<group>"; };
		D40A351D2AE8AD2600A08DF3 /* Assets.xcassets */ = {isa = PBXFileReference; lastKnownFileType = folder.assetcatalog; path = Assets.xcassets; sourceTree = "<group>"; };
		D40A35202AE8AD2600A08DF3 /* Base */ = {isa = PBXFileReference; lastKnownFileType = file.storyboard; name = Base; path = Base.lproj/LaunchScreen.storyboard; sourceTree = "<group>"; };
		D40A35222AE8AD2600A08DF3 /* Info.plist */ = {isa = PBXFileReference; lastKnownFileType = text.plist.xml; path = Info.plist; sourceTree = "<group>"; };
		D477C02B2B93B9220005D59D /* SignUpViewModel.swift */ = {isa = PBXFileReference; lastKnownFileType = sourcecode.swift; path = SignUpViewModel.swift; sourceTree = "<group>"; };
		D477C02D2B93B9790005D59D /* SignUpState.swift */ = {isa = PBXFileReference; lastKnownFileType = sourcecode.swift; path = SignUpState.swift; sourceTree = "<group>"; };
		D4913F062BA1305D006EB7F8 /* HomeCoordinator.swift */ = {isa = PBXFileReference; lastKnownFileType = sourcecode.swift; path = HomeCoordinator.swift; sourceTree = "<group>"; };
		D4913F0B2BA13105006EB7F8 /* HomeViewController.swift */ = {isa = PBXFileReference; lastKnownFileType = sourcecode.swift; path = HomeViewController.swift; sourceTree = "<group>"; };
		D4913F0D2BA1315B006EB7F8 /* HomeViewModel.swift */ = {isa = PBXFileReference; lastKnownFileType = sourcecode.swift; path = HomeViewModel.swift; sourceTree = "<group>"; };
		D4957D3A2B9146BE0004BA76 /* SignInViewModel.swift */ = {isa = PBXFileReference; lastKnownFileType = sourcecode.swift; path = SignInViewModel.swift; sourceTree = "<group>"; };
		D4957D3C2B9163F20004BA76 /* SignInState.swift */ = {isa = PBXFileReference; lastKnownFileType = sourcecode.swift; path = SignInState.swift; sourceTree = "<group>"; };
		D4957D402B916C600004BA76 /* SignUpViewController.swift */ = {isa = PBXFileReference; lastKnownFileType = sourcecode.swift; path = SignUpViewController.swift; sourceTree = "<group>"; };
		D4957D422B916FB60004BA76 /* SignInCoordinator.swift */ = {isa = PBXFileReference; lastKnownFileType = sourcecode.swift; path = SignInCoordinator.swift; sourceTree = "<group>"; };
		D4957D442B91738B0004BA76 /* SignUpCoordinator.swift */ = {isa = PBXFileReference; lastKnownFileType = sourcecode.swift; path = SignUpCoordinator.swift; sourceTree = "<group>"; };
		D4DC74352B84188E00ACE720 /* SignInViewController.swift */ = {isa = PBXFileReference; lastKnownFileType = sourcecode.swift; path = SignInViewController.swift; sourceTree = "<group>"; };
/* End PBXFileReference section */

/* Begin PBXFrameworksBuildPhase section */
		D40A350E2AE8AD2400A08DF3 /* Frameworks */ = {
			isa = PBXFrameworksBuildPhase;
			buildActionMask = 2147483647;
			files = (
			);
			runOnlyForDeploymentPostprocessing = 0;
		};
/* End PBXFrameworksBuildPhase section */

/* Begin PBXGroup section */
		D40A35082AE8AD2400A08DF3 = {
			isa = PBXGroup;
			children = (
				D40A35132AE8AD2400A08DF3 /* KingBurguer */,
				D40A35122AE8AD2400A08DF3 /* Products */,
			);
			sourceTree = "<group>";
		};
		D40A35122AE8AD2400A08DF3 /* Products */ = {
			isa = PBXGroup;
			children = (
				D40A35112AE8AD2400A08DF3 /* KingBurguer.app */,
			);
			name = Products;
			sourceTree = "<group>";
		};
		D40A35132AE8AD2400A08DF3 /* KingBurguer */ = {
			isa = PBXGroup;
			children = (
				D4913F052BA1304C006EB7F8 /* Home */,
				D4957D3E2B916C4A0004BA76 /* SignUp */,
				D4DC74332B84181B00ACE720 /* SignIn */,
				D40A35142AE8AD2400A08DF3 /* AppDelegate.swift */,
				D40A35162AE8AD2400A08DF3 /* SceneDelegate.swift */,
				D40A351D2AE8AD2600A08DF3 /* Assets.xcassets */,
				D40A351F2AE8AD2600A08DF3 /* LaunchScreen.storyboard */,
				D40A35222AE8AD2600A08DF3 /* Info.plist */,
			);
			path = KingBurguer;
			sourceTree = "<group>";
		};
		D477C02A2B93B9110005D59D /* ViewModel */ = {
			isa = PBXGroup;
			children = (
				D477C02B2B93B9220005D59D /* SignUpViewModel.swift */,
				D477C02D2B93B9790005D59D /* SignUpState.swift */,
			);
			path = ViewModel;
			sourceTree = "<group>";
		};
		D4913F052BA1304C006EB7F8 /* Home */ = {
			isa = PBXGroup;
			children = (
				D4913F092BA130A2006EB7F8 /* ViewModel */,
				D4913F082BA1309B006EB7F8 /* View */,
				D4913F062BA1305D006EB7F8 /* HomeCoordinator.swift */,
			);
			path = Home;
			sourceTree = "<group>";
		};
		D4913F082BA1309B006EB7F8 /* View */ = {
			isa = PBXGroup;
			children = (
				D4913F0B2BA13105006EB7F8 /* HomeViewController.swift */,
			);
			path = View;
			sourceTree = "<group>";
		};
		D4913F092BA130A2006EB7F8 /* ViewModel */ = {
			isa = PBXGroup;
			children = (
				D4913F0D2BA1315B006EB7F8 /* HomeViewModel.swift */,
			);
			path = ViewModel;
			sourceTree = "<group>";
		};
		D4957D392B9146930004BA76 /* ViewModel */ = {
			isa = PBXGroup;
			children = (
				D4957D3A2B9146BE0004BA76 /* SignInViewModel.swift */,
				D4957D3C2B9163F20004BA76 /* SignInState.swift */,
			);
			path = ViewModel;
			sourceTree = "<group>";
		};
		D4957D3E2B916C4A0004BA76 /* SignUp */ = {
			isa = PBXGroup;
			children = (
				D477C02A2B93B9110005D59D /* ViewModel */,
				D4957D3F2B916C520004BA76 /* View */,
				D4957D442B91738B0004BA76 /* SignUpCoordinator.swift */,
			);
			path = SignUp;
			sourceTree = "<group>";
		};
		D4957D3F2B916C520004BA76 /* View */ = {
			isa = PBXGroup;
			children = (
				D4957D402B916C600004BA76 /* SignUpViewController.swift */,
			);
			path = View;
			sourceTree = "<group>";
		};
		D4DC74332B84181B00ACE720 /* SignIn */ = {
			isa = PBXGroup;
			children = (
				D4957D392B9146930004BA76 /* ViewModel */,
				D4DC74342B84182700ACE720 /* View */,
				D4957D422B916FB60004BA76 /* SignInCoordinator.swift */,
			);
			path = SignIn;
			sourceTree = "<group>";
		};
		D4DC74342B84182700ACE720 /* View */ = {
			isa = PBXGroup;
			children = (
				D4DC74352B84188E00ACE720 /* SignInViewController.swift */,
			);
			path = View;
			sourceTree = "<group>";
		};
/* End PBXGroup section */

/* Begin PBXNativeTarget section */
		D40A35102AE8AD2400A08DF3 /* KingBurguer */ = {
			isa = PBXNativeTarget;
			buildConfigurationList = D40A35252AE8AD2600A08DF3 /* Build configuration list for PBXNativeTarget "KingBurguer" */;
			buildPhases = (
				D40A350D2AE8AD2400A08DF3 /* Sources */,
				D40A350E2AE8AD2400A08DF3 /* Frameworks */,
				D40A350F2AE8AD2400A08DF3 /* Resources */,
			);
			buildRules = (
			);
			dependencies = (
			);
			name = KingBurguer;
			productName = KingBurguer;
			productReference = D40A35112AE8AD2400A08DF3 /* KingBurguer.app */;
			productType = "com.apple.product-type.application";
		};
/* End PBXNativeTarget section */

/* Begin PBXProject section */
		D40A35092AE8AD2400A08DF3 /* Project object */ = {
			isa = PBXProject;
			attributes = {
				BuildIndependentTargetsInParallel = 1;
				LastSwiftUpdateCheck = 1500;
				LastUpgradeCheck = 1500;
				TargetAttributes = {
					D40A35102AE8AD2400A08DF3 = {
						CreatedOnToolsVersion = 15.0;
					};
				};
			};
			buildConfigurationList = D40A350C2AE8AD2400A08DF3 /* Build configuration list for PBXProject "KingBurguer" */;
			compatibilityVersion = "Xcode 14.0";
			developmentRegion = en;
			hasScannedForEncodings = 0;
			knownRegions = (
				en,
				Base,
			);
			mainGroup = D40A35082AE8AD2400A08DF3;
			productRefGroup = D40A35122AE8AD2400A08DF3 /* Products */;
			projectDirPath = "";
			projectRoot = "";
			targets = (
				D40A35102AE8AD2400A08DF3 /* KingBurguer */,
			);
		};
/* End PBXProject section */

/* Begin PBXResourcesBuildPhase section */
		D40A350F2AE8AD2400A08DF3 /* Resources */ = {
			isa = PBXResourcesBuildPhase;
			buildActionMask = 2147483647;
			files = (
				D40A35212AE8AD2600A08DF3 /* LaunchScreen.storyboard in Resources */,
				D40A351E2AE8AD2600A08DF3 /* Assets.xcassets in Resources */,
			);
			runOnlyForDeploymentPostprocessing = 0;
		};
/* End PBXResourcesBuildPhase section */

/* Begin PBXSourcesBuildPhase section */
		D40A350D2AE8AD2400A08DF3 /* Sources */ = {
			isa = PBXSourcesBuildPhase;
			buildActionMask = 2147483647;
			files = (
				D4957D412B916C600004BA76 /* SignUpViewController.swift in Sources */,
				D4957D3B2B9146BE0004BA76 /* SignInViewModel.swift in Sources */,
				D4DC74362B84188E00ACE720 /* SignInViewController.swift in Sources */,
				D40A35152AE8AD2400A08DF3 /* AppDelegate.swift in Sources */,
				D477C02C2B93B9220005D59D /* SignUpViewModel.swift in Sources */,
				D4957D452B91738B0004BA76 /* SignUpCoordinator.swift in Sources */,
				D4957D432B916FB60004BA76 /* SignInCoordinator.swift in Sources */,
				D477C02E2B93B97A0005D59D /* SignUpState.swift in Sources */,
				D4913F0E2BA1315B006EB7F8 /* HomeViewModel.swift in Sources */,
				D40A35172AE8AD2400A08DF3 /* SceneDelegate.swift in Sources */,
				D4957D3D2B9163F20004BA76 /* SignInState.swift in Sources */,
				D4913F072BA1305D006EB7F8 /* HomeCoordinator.swift in Sources */,
				D4913F0C2BA13105006EB7F8 /* HomeViewController.swift in Sources */,
			);
			runOnlyForDeploymentPostprocessing = 0;
		};
/* End PBXSourcesBuildPhase section */

/* Begin PBXVariantGroup section */
		D40A351F2AE8AD2600A08DF3 /* LaunchScreen.storyboard */ = {
			isa = PBXVariantGroup;
			children = (
				D40A35202AE8AD2600A08DF3 /* Base */,
			);
			name = LaunchScreen.storyboard;
			sourceTree = "<group>";
		};
/* End PBXVariantGroup section */

/* Begin XCBuildConfiguration section */
		D40A35232AE8AD2600A08DF3 /* Debug */ = {
			isa = XCBuildConfiguration;
			buildSettings = {
				ALWAYS_SEARCH_USER_PATHS = NO;
				ASSETCATALOG_COMPILER_GENERATE_SWIFT_ASSET_SYMBOL_EXTENSIONS = YES;
				CLANG_ANALYZER_NONNULL = YES;
				CLANG_ANALYZER_NUMBER_OBJECT_CONVERSION = YES_AGGRESSIVE;
				CLANG_CXX_LANGUAGE_STANDARD = "gnu++20";
				CLANG_ENABLE_MODULES = YES;
				CLANG_ENABLE_OBJC_ARC = YES;
				CLANG_ENABLE_OBJC_WEAK = YES;
				CLANG_WARN_BLOCK_CAPTURE_AUTORELEASING = YES;
				CLANG_WARN_BOOL_CONVERSION = YES;
				CLANG_WARN_COMMA = YES;
				CLANG_WARN_CONSTANT_CONVERSION = YES;
				CLANG_WARN_DEPRECATED_OBJC_IMPLEMENTATIONS = YES;
				CLANG_WARN_DIRECT_OBJC_ISA_USAGE = YES_ERROR;
				CLANG_WARN_DOCUMENTATION_COMMENTS = YES;
				CLANG_WARN_EMPTY_BODY = YES;
				CLANG_WARN_ENUM_CONVERSION = YES;
				CLANG_WARN_INFINITE_RECURSION = YES;
				CLANG_WARN_INT_CONVERSION = YES;
				CLANG_WARN_NON_LITERAL_NULL_CONVERSION = YES;
				CLANG_WARN_OBJC_IMPLICIT_RETAIN_SELF = YES;
				CLANG_WARN_OBJC_LITERAL_CONVERSION = YES;
				CLANG_WARN_OBJC_ROOT_CLASS = YES_ERROR;
				CLANG_WARN_QUOTED_INCLUDE_IN_FRAMEWORK_HEADER = YES;
				CLANG_WARN_RANGE_LOOP_ANALYSIS = YES;
				CLANG_WARN_STRICT_PROTOTYPES = YES;
				CLANG_WARN_SUSPICIOUS_MOVE = YES;
				CLANG_WARN_UNGUARDED_AVAILABILITY = YES_AGGRESSIVE;
				CLANG_WARN_UNREACHABLE_CODE = YES;
				CLANG_WARN__DUPLICATE_METHOD_MATCH = YES;
				COPY_PHASE_STRIP = NO;
				DEBUG_INFORMATION_FORMAT = dwarf;
				ENABLE_STRICT_OBJC_MSGSEND = YES;
				ENABLE_TESTABILITY = YES;
				ENABLE_USER_SCRIPT_SANDBOXING = YES;
				GCC_C_LANGUAGE_STANDARD = gnu17;
				GCC_DYNAMIC_NO_PIC = NO;
				GCC_NO_COMMON_BLOCKS = YES;
				GCC_OPTIMIZATION_LEVEL = 0;
				GCC_PREPROCESSOR_DEFINITIONS = (
					"DEBUG=1",
					"$(inherited)",
				);
				GCC_WARN_64_TO_32_BIT_CONVERSION = YES;
				GCC_WARN_ABOUT_RETURN_TYPE = YES_ERROR;
				GCC_WARN_UNDECLARED_SELECTOR = YES;
				GCC_WARN_UNINITIALIZED_AUTOS = YES_AGGRESSIVE;
				GCC_WARN_UNUSED_FUNCTION = YES;
				GCC_WARN_UNUSED_VARIABLE = YES;
				IPHONEOS_DEPLOYMENT_TARGET = 17.0;
				LOCALIZATION_PREFERS_STRING_CATALOGS = YES;
				MTL_ENABLE_DEBUG_INFO = INCLUDE_SOURCE;
				MTL_FAST_MATH = YES;
				ONLY_ACTIVE_ARCH = YES;
				SDKROOT = iphoneos;
				SWIFT_ACTIVE_COMPILATION_CONDITIONS = "DEBUG $(inherited)";
				SWIFT_OPTIMIZATION_LEVEL = "-Onone";
			};
			name = Debug;
		};
		D40A35242AE8AD2600A08DF3 /* Release */ = {
			isa = XCBuildConfiguration;
			buildSettings = {
				ALWAYS_SEARCH_USER_PATHS = NO;
				ASSETCATALOG_COMPILER_GENERATE_SWIFT_ASSET_SYMBOL_EXTENSIONS = YES;
				CLANG_ANALYZER_NONNULL = YES;
				CLANG_ANALYZER_NUMBER_OBJECT_CONVERSION = YES_AGGRESSIVE;
				CLANG_CXX_LANGUAGE_STANDARD = "gnu++20";
				CLANG_ENABLE_MODULES = YES;
				CLANG_ENABLE_OBJC_ARC = YES;
				CLANG_ENABLE_OBJC_WEAK = YES;
				CLANG_WARN_BLOCK_CAPTURE_AUTORELEASING = YES;
				CLANG_WARN_BOOL_CONVERSION = YES;
				CLANG_WARN_COMMA = YES;
				CLANG_WARN_CONSTANT_CONVERSION = YES;
				CLANG_WARN_DEPRECATED_OBJC_IMPLEMENTATIONS = YES;
				CLANG_WARN_DIRECT_OBJC_ISA_USAGE = YES_ERROR;
				CLANG_WARN_DOCUMENTATION_COMMENTS = YES;
				CLANG_WARN_EMPTY_BODY = YES;
				CLANG_WARN_ENUM_CONVERSION = YES;
				CLANG_WARN_INFINITE_RECURSION = YES;
				CLANG_WARN_INT_CONVERSION = YES;
				CLANG_WARN_NON_LITERAL_NULL_CONVERSION = YES;
				CLANG_WARN_OBJC_IMPLICIT_RETAIN_SELF = YES;
				CLANG_WARN_OBJC_LITERAL_CONVERSION = YES;
				CLANG_WARN_OBJC_ROOT_CLASS = YES_ERROR;
				CLANG_WARN_QUOTED_INCLUDE_IN_FRAMEWORK_HEADER = YES;
				CLANG_WARN_RANGE_LOOP_ANALYSIS = YES;
				CLANG_WARN_STRICT_PROTOTYPES = YES;
				CLANG_WARN_SUSPICIOUS_MOVE = YES;
				CLANG_WARN_UNGUARDED_AVAILABILITY = YES_AGGRESSIVE;
				CLANG_WARN_UNREACHABLE_CODE = YES;
				CLANG_WARN__DUPLICATE_METHOD_MATCH = YES;
				COPY_PHASE_STRIP = NO;
				DEBUG_INFORMATION_FORMAT = "dwarf-with-dsym";
				ENABLE_NS_ASSERTIONS = NO;
				ENABLE_STRICT_OBJC_MSGSEND = YES;
				ENABLE_USER_SCRIPT_SANDBOXING = YES;
				GCC_C_LANGUAGE_STANDARD = gnu17;
				GCC_NO_COMMON_BLOCKS = YES;
				GCC_WARN_64_TO_32_BIT_CONVERSION = YES;
				GCC_WARN_ABOUT_RETURN_TYPE = YES_ERROR;
				GCC_WARN_UNDECLARED_SELECTOR = YES;
				GCC_WARN_UNINITIALIZED_AUTOS = YES_AGGRESSIVE;
				GCC_WARN_UNUSED_FUNCTION = YES;
				GCC_WARN_UNUSED_VARIABLE = YES;
				IPHONEOS_DEPLOYMENT_TARGET = 17.0;
				LOCALIZATION_PREFERS_STRING_CATALOGS = YES;
				MTL_ENABLE_DEBUG_INFO = NO;
				MTL_FAST_MATH = YES;
				SDKROOT = iphoneos;
				SWIFT_COMPILATION_MODE = wholemodule;
				VALIDATE_PRODUCT = YES;
			};
			name = Release;
		};
		D40A35262AE8AD2600A08DF3 /* Debug */ = {
			isa = XCBuildConfiguration;
			buildSettings = {
				ASSETCATALOG_COMPILER_APPICON_NAME = AppIcon;
				ASSETCATALOG_COMPILER_GLOBAL_ACCENT_COLOR_NAME = AccentColor;
				CODE_SIGN_STYLE = Automatic;
				CURRENT_PROJECT_VERSION = 1;
				GENERATE_INFOPLIST_FILE = YES;
				INFOPLIST_FILE = KingBurguer/Info.plist;
				INFOPLIST_KEY_UIApplicationSupportsIndirectInputEvents = YES;
				INFOPLIST_KEY_UILaunchStoryboardName = LaunchScreen;
				INFOPLIST_KEY_UISupportedInterfaceOrientations_iPad = "UIInterfaceOrientationPortrait UIInterfaceOrientationPortraitUpsideDown UIInterfaceOrientationLandscapeLeft UIInterfaceOrientationLandscapeRight";
				INFOPLIST_KEY_UISupportedInterfaceOrientations_iPhone = "UIInterfaceOrientationPortrait UIInterfaceOrientationLandscapeLeft UIInterfaceOrientationLandscapeRight";
				LD_RUNPATH_SEARCH_PATHS = (
					"$(inherited)",
					"@executable_path/Frameworks",
				);
				MARKETING_VERSION = 1.0;
				PRODUCT_BUNDLE_IDENTIFIER = FilipeRodrigues.KingBurguer;
				PRODUCT_NAME = "$(TARGET_NAME)";
				SWIFT_EMIT_LOC_STRINGS = YES;
				SWIFT_VERSION = 5.0;
				TARGETED_DEVICE_FAMILY = "1,2";
			};
			name = Debug;
		};
		D40A35272AE8AD2600A08DF3 /* Release */ = {
			isa = XCBuildConfiguration;
			buildSettings = {
				ASSETCATALOG_COMPILER_APPICON_NAME = AppIcon;
				ASSETCATALOG_COMPILER_GLOBAL_ACCENT_COLOR_NAME = AccentColor;
				CODE_SIGN_STYLE = Automatic;
				CURRENT_PROJECT_VERSION = 1;
				GENERATE_INFOPLIST_FILE = YES;
				INFOPLIST_FILE = KingBurguer/Info.plist;
				INFOPLIST_KEY_UIApplicationSupportsIndirectInputEvents = YES;
				INFOPLIST_KEY_UILaunchStoryboardName = LaunchScreen;
				INFOPLIST_KEY_UISupportedInterfaceOrientations_iPad = "UIInterfaceOrientationPortrait UIInterfaceOrientationPortraitUpsideDown UIInterfaceOrientationLandscapeLeft UIInterfaceOrientationLandscapeRight";
				INFOPLIST_KEY_UISupportedInterfaceOrientations_iPhone = "UIInterfaceOrientationPortrait UIInterfaceOrientationLandscapeLeft UIInterfaceOrientationLandscapeRight";
				LD_RUNPATH_SEARCH_PATHS = (
					"$(inherited)",
					"@executable_path/Frameworks",
				);
				MARKETING_VERSION = 1.0;
				PRODUCT_BUNDLE_IDENTIFIER = FilipeRodrigues.KingBurguer;
				PRODUCT_NAME = "$(TARGET_NAME)";
				SWIFT_EMIT_LOC_STRINGS = YES;
				SWIFT_VERSION = 5.0;
				TARGETED_DEVICE_FAMILY = "1,2";
			};
			name = Release;
		};
/* End XCBuildConfiguration section */

/* Begin XCConfigurationList section */
		D40A350C2AE8AD2400A08DF3 /* Build configuration list for PBXProject "KingBurguer" */ = {
			isa = XCConfigurationList;
			buildConfigurations = (
				D40A35232AE8AD2600A08DF3 /* Debug */,
				D40A35242AE8AD2600A08DF3 /* Release */,
			);
			defaultConfigurationIsVisible = 0;
			defaultConfigurationName = Release;
		};
		D40A35252AE8AD2600A08DF3 /* Build configuration list for PBXNativeTarget "KingBurguer" */ = {
			isa = XCConfigurationList;
			buildConfigurations = (
				D40A35262AE8AD2600A08DF3 /* Debug */,
				D40A35272AE8AD2600A08DF3 /* Release */,
			);
			defaultConfigurationIsVisible = 0;
			defaultConfigurationName = Release;
		};
/* End XCConfigurationList section */
	};
	rootObject = D40A35092AE8AD2400A08DF3 /* Project object */;
}
